// !$*UTF8*$!
{
	archiveVersion = 1;
	classes = {
	};
	objectVersion = 50;
	objects = {

/* Begin PBXBuildFile section */
		8457674826543AC900712ECA /* NetworkManager.swift in Sources */ = {isa = PBXBuildFile; fileRef = 8457674726543AC900712ECA /* NetworkManager.swift */; };
		8457674A26543B6100712ECA /* Company.swift in Sources */ = {isa = PBXBuildFile; fileRef = 8457674926543B6000712ECA /* Company.swift */; };
		84FC4A56263EA8610074E332 /* AppDelegate.swift in Sources */ = {isa = PBXBuildFile; fileRef = 84FC4A55263EA8610074E332 /* AppDelegate.swift */; };
		84FC4A58263EA8610074E332 /* SceneDelegate.swift in Sources */ = {isa = PBXBuildFile; fileRef = 84FC4A57263EA8610074E332 /* SceneDelegate.swift */; };
		84FC4A5A263EA8610074E332 /* ViewController.swift in Sources */ = {isa = PBXBuildFile; fileRef = 84FC4A59263EA8610074E332 /* Vie