// !$*UTF8*$!
{
	archiveVersion = 1;
	classes = {
	};
	objectVersion = 50;
	objects = {

/* Begin PBXBuildFile section */
		8457674826543AC900712ECA /* NetworkManager.swift in Sources */ = {isa = PBXBuildFile; fileRef = 8457674726543AC900712ECA /* NetworkManager.swift */; };
		8457674A26543B6100712ECA /* Company.swift in Sources */ = {isa = PBXBuildFile; fileRef = 8457674926543B6000712ECA /* Company.swift */; };
		84FC4A56263EA8610074E332 /* AppDelegate.swift in Sources */ = {isa = PBXBuildFile; fileRef = 84FC4A55263EA8610074E332 /* AppDelegate.swift */; };
		84FC4A58263EA8610074E332 /* SceneDelegate.swift in Sources */ = {isa = PBXBuildFile; fileRef = 84FC4A57263EA8610074E332 /* SceneDelegate.swift */; };
		84FC4A5A263EA8610074E332 /* ViewController.swift in Sources */ = {isa = PBXBuildFile; fileRef = 84FC4A59263EA8610074E332 /* ViewController.swift */; };
		84FC4A5D263EA8610074E332 /* Main.storyboard in Resources */ = {isa = PBXBuildFile; fileRef = 84FC4A5B263EA8610074E332 /* Main.storyboard */; };
		84FC4A5F263EA8630074E332 /* Assets.xcassets in Resources */ = {isa = PBXBuildFile; fileRef = 84FC4A5E263EA8630074E332 /* Assets.xcassets */; };
		84FC4A62263EA8630074E332 /* LaunchScreen.storyboard in Resources */ = {isa = PBXBuildFile; fileRef = 84FC4A60263EA8630074E332 /* LaunchScreen.storyboard */; };
/* End PBXBuildFile section */

/* Begin PBXFileReference section */
		8457674726543AC900712ECA /* NetworkManager.swift */ = {isa = PBXFileReference; lastKnownFileType = sourcecode.swift; path = NetworkManager.swift; sourceTree = "<group>"; };
		8457674926543B6000712ECA /* Company.swift */ = {isa = PBXFileReference; lastKnownFileType = sourcecode.swift; path = Company.swift; sourceTree = "<group>"; };
		84FC4A52263EA8610074E332 /* StocksApp.app */ = {isa = PBXFileReference; explicitFileType = wrapper.application; includeInIndex = 0; path = StocksApp.app; sourceTree = BUILT_PRODUCTS_DIR; };
		84FC4A55263EA8610074E332 /* AppDelegate.swift */ = {isa = PBXFileReference; lastKnownFileType = sourcecode.swift; path = AppDelegate.swift; sourceTree = "<group>"; };
		84FC4A57263EA8610074E332 /* SceneDelegate.swift */ = {isa = PBXFileReference; lastKnownFileType = sourcecode.swift; path = SceneDelegate.swift; sourceTree = "<group>"; };
		84FC4A59263EA8610074E332 /* ViewController.swift */ = {isa = PBXFileReference; lastKnownFileType = sourcecode.swift; path = ViewController.swift; sourceTree = "<group>"; };
		84FC4A5C263EA8610074E332 /* Base */ = {isa = PBXFileReference; lastKnownFileType = file.storyboard; name = Base; path = Base.lproj/Main.storyboard; sourceTree = "<group>"; };
		84FC4A5E263EA8630074E332 /* Assets.xcassets */ = {isa = PBXFileReference; lastKnownFileType = folder.assetcatalog; path = Assets.xcassets; sourceTree = "<group>"; };
		84FC4A61263EA8630074E332 /* Base */ = {isa = PBXFileReference; lastKnownFileType = file.storyboard; name = Base; path = Base.lproj/LaunchScreen.storyboard; sourceTree = "<group>"; };
		84FC4A63263EA8630074E332 /* Info.plist */ = {isa = PBXFileReference; lastKnownFileType = text.plist.xml; path = Info.plist; sourceTree = "<group>"; };
/* End PBXFileReference section */

/* Begin PBXFrameworksBuildPhase section */
		84FC4A4F263EA8610074E332 /* Frameworks */ = {
			isa = PBXFrameworksBuildPhase;
			buildActionMask = 2147483647;
			files = (
			);
			runOnlyForDeploymentPostprocessing = 0;
		};
/* End PBXFrameworksBuildPhase section */

/* Begin PBXGroup section */
		8457674626543AAA00712ECA /* Model */ = {
			isa = PBXGroup;
			children = (
				8457674726543AC900712ECA /* NetworkManager.swift */,
				8457674926543B6000712ECA /* Company.swift */,
			);
			path = Model;
			sourceTree = "<group>";
		};
		84FC4A49263EA8610074E332 = {
			isa = PBXGroup;
			children = (
				84FC4A54263EA8610074E332 /* StocksApp */,
				84FC4A53263EA8610074E332 /* Products */,
			);
			sourceTree = "<group>";
		};
		84FC4A53263EA8610074E332 /* Products */ = {
			isa = PBXGroup;
			children = (
				84FC4A52263EA8610074E332 /* StocksApp.app */,
			);
			name = Products;
			sourceTree = "<group>";
		};
		84FC4A54263EA8610074E332 /* StocksApp */ = {
			isa = PBXGroup;
			children = (
				8457674626543AAA00712ECA /* Model */,
				84FC4A55263EA8610074E332 /* AppDelegate.swift */,
				84FC4A57263EA8610074E332 /* SceneDelegate.swift */,
				84FC4A59263EA8610074E332 /* ViewController.swift */,
				84FC4A5B263EA8610074E332 /* Main.storyboard */,
				84FC4A5E263EA8630074E332 /* Assets.xcassets */,
				84FC4A60263EA8630074E332 /* LaunchScreen.storyboard */,
				84FC4A63263EA8630074E332 /* Info.plist */,
			);
			path = StocksApp;
			sourceTree = "<group>";
		};
/* End PBXGroup section */

/* Begin PBXNativeTarget section */
		84FC4A51263EA8610074E332 /* StocksApp */ = {
			isa = PBXNativeTarget;
			buildConfigurationList = 84FC4A66263EA8630074E332 /* Build configuration list for PBXNativeTarget "StocksApp" */;
			buildPhases = (
				84FC4A4E263EA8610074E332 /* Sources */,
				84FC4A4F263EA8610074E332 /* Frameworks */,
				84FC4A50263EA8610074E332 /* Resources */,
			);
			buildRules = (
			);
			dependencies = (
			);
			name = StocksApp;
			productName = StocksApp;
			productReference = 84FC4A52263EA8610074E332 /* StocksApp.app */;
			productType = "com.apple.product-type.application";
		};
/* End PBXNativeTarget section */

/* Begin PBXProject section */
		84FC4A4A263EA8610074E332 /* Project object */ = {
			isa = PBXProject;
			attributes = {
				LastSwiftUpdateCheck = 1250;
				LastUpgradeCheck = 1250;
				TargetAttributes = {
					84FC4A51263EA8610074E332 = {
						CreatedOnToolsVersion = 12.5;
					};
				};
			};
			buildConfigurationList = 84FC4A4D263EA8610074E332 /* Build configuration list for PBXProject "StocksApp" */;
			compatibilityVersion = "Xcode 9.3";
			developmentRegion = en;
			hasScannedForEncodings = 0;
			knownRegions = (
				en,
				Base,
			);
			mainGroup = 84FC4A49263EA8610074E332;
			productRefGroup = 84FC4A53263EA8610074E332 /* Products */;
			projectDirPath = "";
			projectRoot = "";
			targets = (
				84FC4A51263EA8610074E332 /* StocksApp */,
			);
		};
/* End PBXProject section */

/* Begin PBXResourcesBuildPhase section */
		84FC4A50263EA8610074E332 /* Resources */ = {
			isa = PBXResourcesBuildPhase;
			buildActionMask = 2147483647;
			files = (
				84FC4A62263EA8630074E332 /* LaunchScreen.storyboard in Resources */,
				84FC4A5F263EA8630074E332 /* Assets.xcassets in Resources */,
				84FC4A5D263EA8610074E332 /* Main.storyboard in Resources */,
			);
			runOnlyForDeploymentPostprocessing = 0;
		};
/* End PBXResourcesBuildPhase section */

/* Begin PBXSourcesBuildPhase section */
		84FC4A4E263EA8610074E332 /* Sources */ = {
			isa = PBXSourcesBuildPhase;
			buildActionMask = 2147483647;
			files = (
				8457674826543AC900712ECA /* NetworkManager.swift in Sources */,
				84FC4A5A263EA8610074E332 /* ViewController.swift in Sources */,
				84FC4A56263EA8610074E332 /* AppDelegate.swift in Sources */,
				8457674A26543B6100712ECA /* Company.swift in Sources */,
				84FC4A58263EA8610074E332 /* SceneDelegate.swift in Sources */,
			);
			runOnlyForDeploymentPostprocessing = 0;
		};
/* End PBXSourcesBuildPhase section */

/* Begin PBXVariantGroup section */
		84FC4A5B263EA8610074E332 